{
  "name": "qdrant-study",
  "version": "1.0.0",
  "lockfileVersion": 3,
  "requires": true,
  "packages": {
    "": {
      "name": "qdrant-study",
      "version": "1.0.0",
      "license": "ISC",
      "dependencies": {
        "@qdrant/js-client-rest": "^1.7.0",
        "@qdrant/qdrant-js": "^1.7.0"
      }
    },
    "node_modules/@bufbuild/connect": {
      "version": "0.10.1",
      "resolved": "https://registry.npmjs.org/@bufbuild/connect/-/connect-0.10.1.tgz",
      "integrity": "sha512-rqdZakAdajdSnRO342K7S3gZnUPMYXF2JsUDMA4vpR34SYdWYXiL2mclUMTaUk+EfLK04ulyejNaFAc0e5o8Qw==",
      "deprecated": "Connect has moved to its own org @connectrpc and has a stable v1. Run `npx @connectrpc/connect-migrate@latest` to update. See https://github.com/connectrpc/connect-es/releases/tag/v0.13.1 for details.",
      "peerDependencies": {
        "@bufbuild/protobuf": "^1.2.1"
      }
    },
    "node_modules/@bufbuild/connect-node": {
      "version": "0.10.1",
      "resolved": "https://registry.npmjs.org/@bufbuild/connect-node/-/connect-node-0.10.1.tgz",
      "integrity": "sha512-l70tmks+txIzggO+kPkaOQmAapiBavK3rqTGsUTIlwk2nuuq8dUCIBnhbRxgZlyF67pNA1FTzoOucv/A3RteGA==",
      "deprecated": "Connect has moved to its own org @connectrpc and has a stable v1. Run `npx @connectrpc/connect-migrate@latest` to update. See https://github.com/connectrpc/connect-es/releases/tag/v0.13.1 for details.",
      "dependencies": {
        "@bufbuild/connect": "0.10.1",
        "headers-polyfill": "^3.1.2"
      },
      "engines": {
        "node": ">=16.0.0"
      },
      "peerDependencies": {
        "@bufbuild/protobuf": "^1.2.1"
      }
    },
    "node_modules/@bufbuild/protobuf": {
      "version": "1.5.1",
      "resolved": "https://registry.npmjs.org/@bufbuild/protobuf/-/protobuf-1.5.1.tgz",
      "integrity": "sha512-LX+MeB1AzlbqgJXkq83lilQpLGnPvsAMj7SH8KtJAmQfBc55ee78Stxuff/HMw0xLMYJN3P1FBh5TENgjJof1w=="
    },
    "node_modules/@fastify/busboy": {
      "version": "2.1.0",
      "resolved": "https://registry.npmjs.org/@fastify/busboy/-/busboy-2.1.0.tgz",
      "integrity": "sha512-+KpH+QxZU7O4675t3mnkQKcZZg56u+K/Ct2K+N2AZYNVK8kyeo/bI18tI8aPm3tvNNRyTWfj6s5tnGNlcbQRsA==",
      "engines": {
        "node": ">=14"
      }
    },
    "node_modules/@qdrant/js-client-grpc": {
      "version": "1.7.0",
      "resolved": "https://registry.npmjs.org/@qdrant/js-client-grpc/-/js-client-grpc-1.7.0.tgz",
      "integrity": "sha512-E54CBT414vfqyEnFo8OKs1Odg1Wp1YwaMx5briHI1zgUm+st0fNz67g23WL4aLbqcdoCSsrsfJ7MaljfxClowQ==",
      "dependencies": {
        "@bufbuild/connect": "^0.10.0",
        "@bufbuild/connect-node": "^0.10.0",
        "@bufbuild/protobuf": "^1.2.1"
      },
      "engines": {
        "node": ">=18.0.0",
        "pnpm": ">=8"
      },
      "peerDependencies": {
        "typescript": ">=4.1"
      }
    },
    "node_modules/@qdrant/js-client-rest": {
      "version": "1.7.0",
      "resolved": "https://registry.npmjs.org/@qdrant/js-client-rest/-/js-client-rest-1.7.0.tgz",
      "integrity": "sha512-16O0EQfrrybcPVipodxykr6dMUlBzKW7a63cSDUFVgc5a1AWESwERykwjuvW5KqvKdkPcxZ2NssrvgUO1W3MgA==",
      "dependencies": {
        "@qdrant/openapi-typescript-fetch": "^1.2.1",
        "@sevinf/maybe": "^0.5.0",
        "undici": "^5.26.2"
      },
      "engines": {
        "node": ">=18.0.0",
        "pnpm": ">=8"
      },
      "peerDependencies": {
        "typescript": ">=4.1"
      }
    },
    "node_modules/@qdrant/openapi-typescript-fetch": {
      "version": "1.2.1",
      "resolved": "https://registry.npmjs.org/@qdrant/openapi-typescript-fetch/-/openapi-typescript-fetch-1.2.1.tgz",
      "integrity": "sha512-oiBJRN1ME7orFZocgE25jrM3knIF/OKJfMsZPBbtMMKfgNVYfps0MokGvSJkBmecj6bf8QoLXWIGlIoaTM4Zmw==",
      "engines": {
        "node": ">=12.0.0",
        "pnpm": ">=8"
      }
    },
    "node_modules/@qdrant/qdrant-js": {
      "version": "1.7.0",
      "resolved": "https://registry.npmjs.org/@qdrant/qdrant-js/-/qdrant-js-1.7.0.tgz",
      "integrity": "sha512-e/UHszZF+y910nOrZDQ5eumvK/h6Znh5Y3Li8IxbDNzlBccFsN+xwq81wR8JMCgDBxIXTCf8b8Vbq+WdlEBQkw==",
      "dependencies": {
        "@qdrant/js-client-grpc": "1.7.0",
        "@qdrant/js-client-rest": "1.7.0"
      },
      "engines": {
        "node": ">=18.0.0",
        "pnpm": ">=8"
      },
      "peerDependencies": {
        "typescript": ">=4.1"
      }
    },
    "node_modules/@sevinf/maybe": {
      "version": "0.5.0",
      "resolved": "https://registry.npmjs.org/@sevinf/maybe/-/maybe-0.5.0.tgz",
      "integrity": "sha512-ARhyoYDnY1LES3vYI0fiG6e9esWfTNcXcO6+MPJJXcnyMV3bim4lnFt45VXouV7y82F4x3YH8nOQ6VztuvUiWg=="
    },
    "node_modules/headers-polyfill": {
      "version": "3.3.0",
      "resolved": "https://registry.npmjs.org/headers-polyfill/-/headers-polyfill-3.3.0.tgz",
      "integrity": "sha512-5e57etwBpNcDc0b6KCVWEh/Ro063OxPvzVimUdM0/tsYM/T7Hfy3kknIGj78SFTOhNd8AZY41U8mOHoO4LzmIQ=="
    },
    "node_modules/typescript": {
      "version": "5.3.3",
      "resolved": "https://registry.npmjs.org/typescript/-/typescript-5.3.3.tgz",
      "integrity": "sha512-pXWcraxM0uxAS+tN0AG/BF2TyqmHO014Z070UsJ+pFvYuRSq8KH8DmWpnbXe0pEPDHXZV3FcAbJkijJ5oNEnWw==",
      "peer": true,
      "bin": {
        "tsc": "bin/tsc",
        "tsserver": "bin/tsserver"
      },
      "engines": {
        "node": ">=14.17"
      }
    },
    "node_modules/undici": {
      "version": "5.28.2",
      "resolved": "https://registry.npmjs.org/undici/-/undici-5.28.2.tgz",
      "integrity": "sha512-wh1pHJHnUeQV5Xa8/kyQhO7WFa8M34l026L5P/+2TYiakvGy5Rdc8jWZVyG7ieht/0WgJLEd3kcU5gKx+6GC8w==",
      "dependencies": {
        "@fastify/busboy": "^2.0.0"
      },
      "engines": {
        "node": ">=14.0"
      }
    }
  }
}
